
Microsoft Visual Studio Solution File, Format Version 12.00
# Visual Studio Version 17
VisualStudioVersion = 17.14.37111.16 d17.14
MinimumVisualStudioVersion = 10.0.40219.1
Project("{FAE04EC0-301F-11D3-BF4B-00C04F79EFBC}") = "Avera.WebApi", "Avera.WebApi\Avera.WebApi.csproj", "{B004B66A-CBB2-4D72-98FB-823D83451EA6}"
EndProject
Global
	GlobalSection(SolutionConfigurationPlatforms) = preSolution
		Debug|Any CPU = Debug|Any CPU
		Release|Any CPU = Release|Any CPU
	EndGlobalSection
	GlobalSection(ProjectConfigurationPlatforms) = postSolution
		{B004B66A-CBB2-4D72-98FB-823D83451EA6}.Debug|Any CPU.ActiveCfg = Debug|Any CPU
		{B004B66A-CBB2-4D72-98FB-823D83451EA6}.Debug|Any CPU.Build.0 = Debug|Any CPU
		{B004B66A-CBB2-4D72-98FB-823D83451EA6}.Release|Any CPU.ActiveCfg = Release|Any CPU
		{B004B66A-CBB2-4D72-98FB-823D83451EA6}.Release|Any CPU.Build.0 = Release|Any CPU
	EndGlobalSection
	GlobalSection(SolutionProperties) = preSolution
		HideSolutionNode = FALSE
	EndGlobalSection
	GlobalSection(ExtensibilityGlobals) = postSolution
		SolutionGuid = {BCF7BBB2-6DD8-4A07-BF20-7B03EC6AAD60}
	EndGlobalSection
EndGlobal
